
Microsoft Visual Studio Solution File, Format Version 12.00
# Visual Studio 15
VisualStudioVersion = 15.0.28010.2048
MinimumVisualStudioVersion = 10.0.40219.1
Project("{FAE04EC0-301F-11D3-BF4B-00C04F79EFBC}") = "MortgageInvestmentSimulator", "MortgageInvestmentSimulator\MortgageInvestmentSimulator.csproj", "{C238D259-A3AD-40F4-ACD2-9D21956C3281}"
EndProject
Global
	GlobalSection(SolutionConfigurationPlatforms) = preSolution
		Debug|Any CPU = Debug|Any CPU
		Release|Any CPU = Release|Any CPU
	EndGlobalSection
	GlobalSection(ProjectConfigurationPlatforms) = postSolution
		{C238D259-A3AD-40F4-ACD2-9D21956C3281}.Debug|Any CPU.ActiveCfg = Debug|Any CPU
		{C238D259-A3AD-40F4-ACD2-9D21956C3281}.Debug|Any CPU.Build.0 = Debug|Any CPU
		{C238D259-A3AD-40F4-ACD2-9D21956C3281}.Release|Any CPU.ActiveCfg = Release|Any CPU
		{C238D259-A3AD-40F4-ACD2-9D21956C3281}.Release|Any CPU.Build.0 = Release|Any CPU
	EndGlobalSection
	GlobalSection(SolutionProperties) = preSolution
		HideSolutionNode = FALSE
	EndGlobalSection
	GlobalSection(ExtensibilityGlobals) = postSolution
		SolutionGuid = {E8D6C195-5FB8-459A-AF38-24F7B1194E52}
	EndGlobalSection
EndGlobal
